
Microsoft Visual Studio Solution File, Format Version 12.00
# Visual Studio Version 16
VisualStudioVersion = 16.0.30907.101
MinimumVisualStudioVersion = 10.0.40219.1
Project("{FAE04EC0-301F-11D3-BF4B-00C04F79EFBC}") = "project-1-programing-advanced", "project-1-programing-advanced\project-1-programing-advanced.csproj", "{149CBD6C-46B4-4D08-B8F7-9BB58E4EADA2}"
EndProject
Global
	GlobalSection(SolutionConfigurationPlatforms) = preSolution
		Debug|Any CPU = Debug|Any CPU
		Release|Any CPU = Release|Any CPU
	EndGlobalSection
	GlobalSection(ProjectConfigurationPlatforms) = postSolution
		{149CBD6C-46B4-4D08-B8F7-9BB58E4EADA2}.Debug|Any CPU.ActiveCfg = Debug|Any CPU
		{149CBD6C-46B4-4D08-B8F7-9BB58E4EADA2}.Debug|Any CPU.Build.0 = Debug|Any CPU
		{149CBD6C-46B4-4D08-B8F7-9BB58E4EADA2}.Release|Any CPU.ActiveCfg = Release|Any CPU
		{149CBD6C-46B4-4D08-B8F7-9BB58E4EADA2}.Release|Any CPU.Build.0 = Release|Any CPU
	EndGlobalSection
	GlobalSection(SolutionProperties) = preSolution
		HideSolutionNode = FALSE
	EndGlobalSection
	GlobalSection(ExtensibilityGlobals) = postSolution
		SolutionGuid = {DEE4850C-F1CD-48E8-B527-F4673A3AD6E6}
	EndGlobalSection
EndGlobal
